
Microsoft Visual Studio Solution File, Format Version 12.00
# Visual Studio Version 17
VisualStudioVersion = 17.14.37301.10 d17.14
MinimumVisualStudioVersion = 10.0.40219.1
Project("{FAE04EC0-301F-11D3-BF4B-00C04F79EFBC}") = "GeoVision", "GeoVision\GeoVision.csproj", "{D4E74D21-29B2-4524-840A-9B465FFC711B}"
EndProject
Global
	GlobalSection(SolutionConfigurationPlatforms) = preSolution
		Debug|Any CPU = Debug|Any CPU
		Release|Any CPU = Release|Any CPU
	EndGlobalSection
	GlobalSection(ProjectConfigurationPlatforms) = postSolution
		{D4E74D21-29B2-4524-840A-9B465FFC711B}.Debug|Any CPU.ActiveCfg = Debug|Any CPU
		{D4E74D21-29B2-4524-840A-9B465FFC711B}.Debug|Any CPU.Build.0 = Debug|Any CPU
		{D4E74D21-29B2-4524-840A-9B465FFC711B}.Release|Any CPU.ActiveCfg = Release|Any CPU
		{D4E74D21-29B2-4524-840A-9B465FFC711B}.Release|Any CPU.Build.0 = Release|Any CPU
	EndGlobalSection
	GlobalSection(SolutionProperties) = preSolution
		HideSolutionNode = FALSE
	EndGlobalSection
	GlobalSection(ExtensibilityGlobals) = postSolution
		SolutionGuid = {636C12E6-561D-4D72-BADB-FF125F0742A3}
	EndGlobalSection
EndGlobal
